
Microsoft Visual Studio Solution File, Format Version 12.00
# Visual Studio Version 16
VisualStudioVersion = 25.0.1705.4
MinimumVisualStudioVersion = 10.0.40219.1
Project("{FAE04EC0-301F-11D3-BF4B-00C04F79EFBC}") = "CUETools", "CUETools.csproj", "{AD68878E-7B63-4B77-AAC1-E8098E98591E}"
EndProject
Project("{FAE04EC0-301F-11D3-BF4B-00C04F79EFBC}") = "CUETools.AccurateRip", "..\..\CUETools.AccurateRip\CUETools.AccurateRip.csproj", "{396CA3E4-3AA8-43AD-AD48-F37FC1DEA4D5}"
EndProject
Project("{FAE04EC0-301F-11D3-BF4B-00C04F79EFBC}") = "CUETools.CDImage", "..\..\CUETools.CDImage\CUETools.CDImage.csproj", "{0790DBDD-E8A0-40C6-AA9A-B3685A69BC1D}"
EndProject
Project("{FAE04EC0-301F-11D3-BF4B-00C04F79EFBC}") = "CUETools.Codecs", "..\..\CUETools.Codecs\CUETools.Codecs.csproj", "{FD5E3D10-6891-4F84-96FC-F1330FB6CC4D}"
EndProject
Project("{FAE04EC0-301F-11D3-BF4B-00C04F79EFBC}") = "CUETools.Compression", "..\..\CUETools.Compression\CUETools.Compression.csproj", "{CD866BE1-13FC-4257-9257-CD22A369A581}"
EndProject
Project("{FAE04EC0-301F-11D3-BF4B-00C04F79EFBC}") = "CUETools.CTDB", "..\..\CUETools.CTDB\CUETools.CTDB.csproj", "{9FB772E6-D804-4600-A540-168A3626CA89}"
EndProject
Project("{FAE04EC0-301F-11D3-BF4B-00C04F79EFBC}") = "CUETools.CTDB.Types", "..\..\CUETools.CTDB.Types\CUETools.CTDB.Types.csproj", "{0B9D5B12-06D9-449D-8963-79D29FFCD667}"
EndProject
Project("{FAE04EC0-301F-11D3-BF4B-00C04F79EFBC}") = "CUETools.Parity", "..\..\CUETools.Parity\CUETools.Parity.csproj", "{F30CC6BA-3CE4-44B6-9D46-E8272D4E7587}"
EndProject
Project("{FAE04EC0-301F-11D3-BF4B-00C04F79EFBC}") = "CUETools.Processor", "..\..\CUETools.Processor\CUETools.Processor.csproj", "{B147E6BE-43F8-49E0-9102-BE2ACB063151}"
EndProject
Project("{FAE04EC0-301F-11D3-BF4B-00C04F79EFBC}") = "CUETools.Ripper", "..\..\CUETools.Ripper\CUETools.Ripper.csproj", "{34F1EC46-5D31-4C4D-AF21-4093998DDD79}"
EndProject
Project("{FAE04EC0-301F-11D3-BF4B-00C04F79EFBC}") = "Freedb", "..\..\Freedb\Freedb.csproj", "{5ADCFD6D-BFEA-4B10-BB45-9083BBB56AF4}"
EndProject
Project("{FAE04EC0-301F-11D3-BF4B-00C04F79EFBC}") = "TaglibSharp", "..\..\ThirdParty\taglib-sharp\src\TaglibSharp\TaglibSharp.csproj", "{B2D0FF44-736B-4BDB-8AF2-1F88870BD63F}"
EndProject
Global
	GlobalSection(SolutionConfigurationPlatforms) = preSolution
		Debug|Any CPU = Debug|Any CPU
		Release|Any CPU = Release|Any CPU
	EndGlobalSection
	GlobalSection(ProjectConfigurationPlatforms) = postSolution
		{AD68878E-7B63-4B77-AAC1-E8098E98591E}.Debug|Any CPU.ActiveCfg = Debug|Any CPU
		{AD68878E-7B63-4B77-AAC1-E8098E98591E}.Debug|Any CPU.Build.0 = Debug|Any CPU
		{AD68878E-7B63-4B77-AAC1-E8098E98591E}.Release|Any CPU.ActiveCfg = Release|Any CPU
		{AD68878E-7B63-4B77-AAC1-E8098E98591E}.Release|Any CPU.Build.0 = Release|Any CPU
		{396CA3E4-3AA8-43AD-AD48-F37FC1DEA4D5}.Debug|Any CPU.ActiveCfg = Debug|Any CPU
		{396CA3E4-3AA8-43AD-AD48-F37FC1DEA4D5}.Debug|Any CPU.Build.0 = Debug|Any CPU
		{396CA3E4-3AA8-43AD-AD48-F37FC1DEA4D5}.Release|Any CPU.ActiveCfg = Release|Any CPU
		{396CA3E4-3AA8-43AD-AD48-F37FC1DEA4D5}.Release|Any CPU.Build.0 = Release|Any CPU
		{0790DBDD-E8A0-40C6-AA9A-B3685A69BC1D}.Debug|Any CPU.ActiveCfg = Debug|Any CPU
		{0790DBDD-E8A0-40C6-AA9A-B3685A69BC1D}.Debug|Any CPU.Build.0 = Debug|Any CPU
		{0790DBDD-E8A0-40C6-AA9A-B3685A69BC1D}.Release|Any CPU.ActiveCfg = Release|Any CPU
		{0790DBDD-E8A0-40C6-AA9A-B3685A69BC1D}.Release|Any CPU.Build.0 = Release|Any CPU
		{FD5E3D10-6891-4F84-96FC-F1330FB6CC4D}.Debug|Any CPU.ActiveCfg = Debug|Any CPU
		{FD5E3D10-6891-4F84-96FC-F1330FB6CC4D}.Debug|Any CPU.Build.0 = Debug|Any CPU
		{FD5E3D10-6891-4F84-96FC-F1330FB6CC4D}.Release|Any CPU.ActiveCfg = Release|Any CPU
		{FD5E3D10-6891-4F84-96FC-F1330FB6CC4D}.Release|Any CPU.Build.0 = Release|Any CPU
		{CD866BE1-13FC-4257-9257-CD22A369A581}.Debug|Any CPU.ActiveCfg = Debug|Any CPU
		{CD866BE1-13FC-4257-9257-CD22A369A581}.Debug|Any CPU.Build.0 = Debug|Any CPU
		{CD866BE1-13FC-4257-9257-CD22A369A581}.Release|Any CPU.ActiveCfg = Release|Any CPU
		{CD866BE1-13FC-4257-9257-CD22A369A581}.Release|Any CPU.Build.0 = Release|Any CPU
		{9FB772E6-D804-4600-A540-168A3626CA89}.Debug|Any CPU.ActiveCfg = Debug|Any CPU
		{9FB772E6-D804-4600-A540-168A3626CA89}.Debug|Any CPU.Build.0 = Debug|Any CPU
		{9FB772E6-D804-4600-A540-168A3626CA89}.Release|Any CPU.ActiveCfg = Release|Any CPU
		{9FB772E6-D804-4600-A540-168A3626CA89}.Release|Any CPU.Build.0 = Release|Any CPU
		{0B9D5B12-06D9-449D-8963-79D29FFCD667}.Debug|Any CPU.ActiveCfg = Debug|Any CPU
		{0B9D5B12-06D9-449D-8963-79D29FFCD667}.Debug|Any CPU.Build.0 = Debug|Any CPU
		{0B9D5B12-06D9-449D-8963-79D29FFCD667}.Release|Any CPU.ActiveCfg = Release|Any CPU
		{0B9D5B12-06D9-449D-8963-79D29FFCD667}.Release|Any CPU.Build.0 = Release|Any CPU
		{F30CC6BA-3CE4-44B6-9D46-E8272D4E7587}.Debug|Any CPU.ActiveCfg = Debug|Any CPU
		{F30CC6BA-3CE4-44B6-9D46-E8272D4E7587}.Debug|Any CPU.Build.0 = Debug|Any CPU
		{F30CC6BA-3CE4-44B6-9D46-E8272D4E7587}.Release|Any CPU.ActiveCfg = Release|Any CPU
		{F30CC6BA-3CE4-44B6-9D46-E8272D4E7587}.Release|Any CPU.Build.0 = Release|Any CPU
		{B147E6BE-43F8-49E0-9102-BE2ACB063151}.Debug|Any CPU.ActiveCfg = Debug|Any CPU
		{B147E6BE-43F8-49E0-9102-BE2ACB063151}.Debug|Any CPU.Build.0 = Debug|Any CPU
		{B147E6BE-43F8-49E0-9102-BE2ACB063151}.Release|Any CPU.ActiveCfg = Release|Any CPU
		{B147E6BE-43F8-49E0-9102-BE2ACB063151}.Release|Any CPU.Build.0 = Release|Any CPU
		{34F1EC46-5D31-4C4D-AF21-4093998DDD79}.Debug|Any CPU.ActiveCfg = Debug|Any CPU
		{34F1EC46-5D31-4C4D-AF21-4093998DDD79}.Debug|Any CPU.Build.0 = Debug|Any CPU
		{34F1EC46-5D31-4C4D-AF21-4093998DDD79}.Release|Any CPU.ActiveCfg = Release|Any CPU
		{34F1EC46-5D31-4C4D-AF21-4093998DDD79}.Release|Any CPU.Build.0 = Release|Any CPU
		{5ADCFD6D-BFEA-4B10-BB45-9083BBB56AF4}.Debug|Any CPU.ActiveCfg = Debug|Any CPU
		{5ADCFD6D-BFEA-4B10-BB45-9083BBB56AF4}.Debug|Any CPU.Build.0 = Debug|Any CPU
		{5ADCFD6D-BFEA-4B10-BB45-9083BBB56AF4}.Release|Any CPU.ActiveCfg = Release|Any CPU
		{5ADCFD6D-BFEA-4B10-BB45-9083BBB56AF4}.Release|Any CPU.Build.0 = Release|Any CPU
		{B2D0FF44-736B-4BDB-8AF2-1F88870BD63F}.Debug|Any CPU.ActiveCfg = Debug|Any CPU
		{B2D0FF44-736B-4BDB-8AF2-1F88870BD63F}.Debug|Any CPU.Build.0 = Debug|Any CPU
		{B2D0FF44-736B-4BDB-8AF2-1F88870BD63F}.Release|Any CPU.ActiveCfg = Release|Any CPU
		{B2D0FF44-736B-4BDB-8AF2-1F88870BD63F}.Release|Any CPU.Build.0 = Release|Any CPU
	EndGlobalSection
	GlobalSection(SolutionProperties) = preSolution
		HideSolutionNode = FALSE
	EndGlobalSection
	GlobalSection(ExtensibilityGlobals) = postSolution
		SolutionGuid = {8DCD3542-AEEA-451A-99E0-DD4F868AB03E}
	EndGlobalSection
EndGlobal
